
Microsoft Visual Studio Solution File, Format Version 12.00
# Visual Studio Version 17
VisualStudioVersion = 17.5.002.0
MinimumVisualStudioVersion = 10.0.40219.1
Project("{9A19103F-16F7-4668-BE54-9A1E7A4F7556}") = "HireHub", "HireHub.csproj", "{51C85CFC-9CBE-4DC7-9BDE-689EE0D919B0}"
EndProject
Global
	GlobalSection(SolutionConfigurationPlatforms) = preSolution
		Debug|Any CPU = Debug|Any CPU
		Release|Any CPU = Release|Any CPU
	EndGlobalSection
	GlobalSection(ProjectConfigurationPlatforms) = postSolution
		{51C85CFC-9CBE-4DC7-9BDE-689EE0D919B0}.Debug|Any CPU.ActiveCfg = Debug|Any CPU
		{51C85CFC-9CBE-4DC7-9BDE-689EE0D919B0}.Debug|Any CPU.Build.0 = Debug|Any CPU
		{51C85CFC-9CBE-4DC7-9BDE-689EE0D919B0}.Release|Any CPU.ActiveCfg = Release|Any CPU
		{51C85CFC-9CBE-4DC7-9BDE-689EE0D919B0}.Release|Any CPU.Build.0 = Release|Any CPU
	EndGlobalSection
	GlobalSection(SolutionProperties) = preSolution
		HideSolutionNode = FALSE
	EndGlobalSection
	GlobalSection(ExtensibilityGlobals) = postSolution
		SolutionGuid = {0077C9FE-A0C0-4C69-8846-0D9A0892FCB9}
	EndGlobalSection
EndGlobal
